
Microsoft Visual Studio Solution File, Format Version 12.00
# Visual Studio Version 16
VisualStudioVersion = 16.0.30804.86
MinimumVisualStudioVersion = 10.0.40219.1
Project("{FAE04EC0-301F-11D3-BF4B-00C04F79EFBC}") = "Booking Database", "Booking Database\Booking Database.csproj", "{B1A46DA7-0D24-4512-9BE0-55C8A46435FB}"
EndProject
Global
	GlobalSection(SolutionConfigurationPlatforms) = preSolution
		Debug|Any CPU = Debug|Any CPU
		Release|Any CPU = Release|Any CPU
	EndGlobalSection
	GlobalSection(ProjectConfigurationPlatforms) = postSolution
		{B1A46DA7-0D24-4512-9BE0-55C8A46435FB}.Debug|Any CPU.ActiveCfg = Debug|Any CPU
		{B1A46DA7-0D24-4512-9BE0-55C8A46435FB}.Debug|Any CPU.Build.0 = Debug|Any CPU
		{B1A46DA7-0D24-4512-9BE0-55C8A46435FB}.Release|Any CPU.ActiveCfg = Release|Any CPU
		{B1A46DA7-0D24-4512-9BE0-55C8A46435FB}.Release|Any CPU.Build.0 = Release|Any CPU
	EndGlobalSection
	GlobalSection(SolutionProperties) = preSolution
		HideSolutionNode = FALSE
	EndGlobalSection
	GlobalSection(ExtensibilityGlobals) = postSolution
		SolutionGuid = {4E7CE60D-668C-4DC9-BD20-CE0EAC9F0510}
	EndGlobalSection
EndGlobal
